<?xml version="1.0" encoding="utf-8"?>
<Project ToolsVersion="4.0" xmlns="http://schemas.microsoft.com/developer/msbuild/2003">
  <ItemGroup>
    <ClCompile Include="Main.cpp" />
    <ClCompile Include="Scene\Game\GameScene.cpp">
      <Filter>Scene\Game</Filter>
    </ClCompile>
    <ClCompile Include="Scene\ModeSelect\ModeSelect.cpp">
      <Filter>Scene\ModeSelect</Filter>
    </ClCompile>
    <ClCompile Include="Scene\Result\Result.cpp">
      <Filter>Scene\ResultScene</Filter>
    </ClCompile>
    <ClCompile Include="Scene\SkinSelect\SkinScelect.cpp">
      <Filter>Scene\SkinSelect</Filter>
    </ClCompile>
    <ClCompile Include="Scene\Title\Title.cpp">
      <Filter>Scene\Title</Filter>
    </ClCompile>
    <ClCompile Include="SceneManager\SceneManager.cpp">
      <Filter>SceneManager</Filter>
    </ClCompile>
    <ClCompile Include="Game\GameManager\GameManager.cpp">
      <Filter>Game\GameManager</Filter>
    </ClCompile>
    <ClCompile Include="Game\Object\CellManager.cpp">
      <Filter>Game\Object</Filter>
    </ClCompile>
  </ItemGroup>
  <ItemGroup>
    <Filter Include="Scene">
      <UniqueIdentifier>{3bb565b8-56d1-46ec-a1cd-2cde049ff8b0}</UniqueIdentifier>
    </Filter>
    <Filter Include="Utility">
      <UniqueIdentifier>{cc84c8cd-6cb5-4bc7-97ce-1eb4ad117135}</UniqueIdentifier>
    </Filter>
    <Filter Include="Scene\Title">
      <UniqueIdentifier>{baf012d3-6df5-4f00-960a-bfceed592114}</UniqueIdentifier>
    </Filter>
    <Filter Include="Scene\Game">
      <UniqueIdentifier>{846a3bd7-df24-48da-8f21-f9e2d335d5a9}</UniqueIdentifier>
    </Filter>
    <Filter Include="Scene\SkinSelect">
      <UniqueIdentifier>{b9511d63-5afd-4489-b9e8-ea6c8d5c89be}</UniqueIdentifier>
    </Filter>
    <Filter Include="Scene\ModeSelect">
      <UniqueIdentifier>{d3452f23-4ca5-436a-a0b9-8cc35944a36a}</UniqueIdentifier>
    </Filter>
    <Filter Include="Scene\ResultScene">
      <UniqueIdentifier>{25e78f2a-39d9-40de-9909-8bfe90208a1b}</UniqueIdentifier>
    </Filter>
    <Filter Include="SceneManager">
      <UniqueIdentifier>{dbc1e1d6-302e-4c50-8d97-0db1034be5d1}</UniqueIdentifier>
    </Filter>
    <Filter Include="Game">
      <UniqueIdentifier>{d70394aa-b6c3-4b2d-9558-7cdae9d287b2}</UniqueIdentifier>
    </Filter>
    <Filter Include="Game\GameManager">
      <UniqueIdentifier>{da703b34-c299-4acb-813d-b709b44af3c3}</UniqueIdentifier>
    </Filter>
    <Filter Include="Game\Object">
      <UniqueIdentifier>{502e0a83-050e-41fd-b276-7454b54e95dc}</UniqueIdentifier>
    </Filter>
    <Filter Include="Game\System">
      <UniqueIdentifier>{d7ad2251-3d58-4321-802c-35b46f50fc44}</UniqueIdentifier>
    </Filter>
  </ItemGroup>
  <ItemGroup>
    <ClInclude Include="Scene\SceneBase.h">
      <Filter>Scene</Filter>
    </ClInclude>
    <ClInclude Include="Utility\SceneName.h">
      <Filter>Utility</Filter>
    </ClInclude>
    <ClInclude Include="Scene\Game\GameScene.h">
      <Filter>Scene\Game</Filter>
    </ClInclude>
    <ClInclude Include="Scene\ModeSelect\ModeSelect.h">
      <Filter>Scene\ModeSelect</Filter>
    </ClInclude>
    <ClInclude Include="Scene\Result\Result.h">
      <Filter>Scene\ResultScene</Filter>
    </ClInclude>
    <ClInclude Include="Scene\SkinSelect\SkinSelect.h">
      <Filter>Scene\SkinSelect</Filter>
    </ClInclude>
    <ClInclude Include="Scene\Title\Title.h">
      <Filter>Scene\Title</Filter>
    </ClInclude>
    <ClInclude Include="SceneManager\SceneManager.h">
      <Filter>SceneManager</Filter>
    </ClInclude>
    <ClInclude Include="Game\Object\ObjectBase.h">
      <Filter>Game\Object</Filter>
    </ClInclude>
    <ClInclude Include="Game\GameManager\GameManager.h">
      <Filter>Game\GameManager</Filter>
    </ClInclude>
    <ClInclude Include="Utility\CellState.h">
      <Filter>Utility</Filter>
    </ClInclude>
    <ClInclude Include="Game\Object\Cell.h">
      <Filter>Game\Object</Filter>
    </ClInclude>
    <ClInclude Include="Utility\Direction.h">
      <Filter>Utility</Filter>
    </ClInclude>
    <ClInclude Include="Game\Object\CellManager.h">
      <Filter>Game\Object</Filter>
    </ClInclude>
  </ItemGroup>
</Project>